// !$*UTF8*$!
{
	archiveVersion = 1;
	classes = {
	};
	objectVersion = 52;
	objects = {

/* Begin PBXBuildFile section */
		568DB6B575806E36E487F777 /* Pods_Suara.framework in Frameworks */ = {isa = PBXBuildFile; fileRef = F518F789CBF124B5CAD6A3D6 /* Pods_Suara.framework */; };
		7C3725DB26A14AE400D20A30 /* AppDelegate.swift in Sources */ = {isa = PBXBuildFile; fileRef = 7C3725DA26A14AE400D20A30 /* AppDelegate.swift */; };
		7C3725DD26A14AE400D20A30 /* SceneDelegate.swift in Sources */ = {isa = PBXBuildFile; fileRef = 7C3725DC26A14AE400D20A30 /* SceneDelegate.swift */; };
		7C3725E426A14AE500D20A30 /* Assets.xcassets in Resources */ = {isa = PBXBuildFile; fileRef = 7C3725E326A14AE500D20A30 /* Assets.xcassets */; };
		7C3725E726A14AE500D20A30 /* LaunchScreen.storyboard in Resources */ = {isa = PBXBuildFile; fileRef = 7C3725E526A14AE500D20A30 /* LaunchScreen.storyboard */; };
		7C3725F426A1706400D20A30 /* LoginController.swift in Sources */ = {isa = PBXBuildFile; fileRef = 7C3725F326A1706400D20A30 /* LoginController.swift */; };
		7C62D4A126A41BF9007449B2 /* UIImageView+Extension.swift in Sources */ = {isa = PBXBuildFile; fileRef = 7C62D4A026A41BF9007449B2 /* UIImageView+Extension.swift */; };
		7C62D4A426A41C87007449B2 /* SDWebImage in Frameworks */ = {isa = PBXBuildFile; productRef = 7C62D4A326A41C87007449B2 /* SDWebImage */; };
		7C62D4A626A41C87007449B2 /* SDWebImageMapKit in Frameworks */ = {isa = PBXBuildFile; productRef = 7C62D4A526A41C87007449B2 /* SDWebImageMapKit */; };
		7C62D4A826A46460007449B2 /* CategoryView.swift in Sources */ = {isa = PBXBuildFile; fileRef = 7C62D4A726A46460007449B2 /* CategoryView.swift */; };
		7C62D4AA26A4C3F3007449B2 /* SearchController.swift in Sources */ = {isa = PBXBuildFile; fileRef = 7C62D4A926A4C3F3007449B2 /* SearchController.swift */; };
		7C62D4AC26A4C469007449B2 /* SearchCell.swift in Sources */ = {isa = PBXBuildFile; fileRef = 7C62D4AB26A4C469007449B2 /* SearchCell.swift */; };
		7C62D4AF26A4D4EB007449B2 /* SearchViewModel.swift in Sources */ = {isa = PBXBuildFile; fileRef = 7C62D4AE26A4D4EB007449B2 /* SearchViewModel.swift */; };
		7C62D4B826A4D8F5007449B2 /* CoreDataHelper.swift in Sources */ = {isa = PBXBuildFile; fileRef = 7C62D4B726A4D8F5007449B2 /* CoreDataHelper.swift */; };
		7C62D4BA26A4D933007449B2 /* ProductCoreData.swift in Sources */ = {isa = PBXBuildFile; fileRef = 7C62D4B926A4D933007449B2 /* ProductCoreData.swift */; };
		7C7FFDF326A2ACF60009C29E /* UIView+Extension.swift in Sources */ = {isa = PBXBuildFile; fileRef = 7C7FFDF226A2ACF60009C29E /* UIView+Extension.swift */; };
		7C7FFDF626A2B1AE0009C29E /* LoginView.swift in Sources */ = {isa = PBXBuildFile; fileRef = 7C7FFDF526A2B1AE0009C29E /* LoginView.swift */; };
		7C7FFDF826A2B2710009C29E /* UIFont.swift in Sources */ = {isa = PBXBuildFile; fileRef = 7C7FFDF726A2B2710009C29E /* UIFont.swift */; };
		7C7FFE0226A2B5A80009C29E /* IndentedTextField.swift in Sources */ = {isa = PBXBuildFile; fileRef = 7C7FFE0126A2B5A80009C29E /* IndentedTextField.swift */; };
		7C7FFE0426A2B6060009C29E /* UILabel+Extension.swift in Sources */ = {isa = PBXBuildFile; fileRef = 7C7FFE0326A2B6060009C29E /* UILabel+Extension.swift */; };
		7C7FFE0626A2D1CE0009C29E /* LoginViewModel.swift in Sources */ = {isa = PBXBuildFile; fileRef = 7C7FFE0526A2D1CE0009C29E /* LoginViewModel.swift */; };
		7C7FFE0B26A2D8050009C29E /* Alamofire in Frameworks */ = {isa = PBXBuildFile; productRef = 7C7FFE0A26A2D8050009C29E /* Alamofire */; };
		7C7FFE0D26A2D81A0009C29E /* APIManager.swift in Sources */ = {isa = PBXBuildFile; fileRef = 7C7FFE0C26A2D81A0009C29E /* APIManager.swift */; };
		7C7FFE0F26A2D84F0009C29E /* EndpointType.swift in Sources */ = {isa = PBXBuildFile; fileRef = 7C7FFE0E26A2D84F0009C29E /* EndpointType.swift */; };
		7C7FFE1126A2D8D20009C29E /* FeedEndpoint.swift in Sources */ = {isa = PBXBuildFile; fileRef = 7C7FFE1026A2D8D20009C29E /* FeedEndpoint.swift */; };
		7C7FFE1326A2D90C0009C29E /* APIConstant.swift in Sources */ = {isa = PBXBuildFile; fileRef = 7C7FFE1226A2D90C0009C29E /* APIConstant.swift */; };
		7C7FFE1626A2DCCB0009C29E /* MainTabbarController.swift in Sources */ = {isa = PBXBuildFile; fileRef = 7C7FFE1526A2DCCB0009C29E /* MainTabbarController.swift */; };
		7C7FFE1826A2DD7D0009C29E /* HomeController.swift in Sources */ = {isa = PBXBuildFile; fileRef = 7C7FFE1726A2DD7D0009C29E /* HomeController.swift */; };
		7C9E102B26A327E900CB55CF /* HomeView.swift in Sources */ = {isa = PBXBuildFile; fileRef = 7C9E102A26A327E900CB55CF /* HomeView.swift */; };
		7C9E103126A32BB900CB55CF /* FacebookLogin in Frameworks */ = {isa = PBXBuildFile; productRef = 7C9E103026A32BB900CB55CF /* FacebookLogin */; };
		7C9E103426A395CA00CB55CF /* HomeViewModel.swift in Sources */ = {isa = PBXBuildFile; fileRef = 7C9E103326A395CA00CB55CF /* HomeViewModel.swift */; };
		7C9E103626A395F900CB55CF /* HomeNetworkModel.swift in Sources */ = {isa = PBXBuildFile; fileRef = 7C9E103526A395F900CB55CF /* HomeNetworkModel.swift */; };
		7C9E103826A397C000CB55CF /* NetworkModel.swift in Sources */ = {isa = PBXBuildFile; fileRef = 7C9E103726A397C000CB55CF /* NetworkModel.swift */; };
		7C9E103A26A3E2E400CB55CF /* CategoryCell.swift in Sources */ = {isa = PBXBuildFile; fileRef = 7C9E103926A3E2E400CB55CF /* CategoryCell.swift */; };
		7C9E103C26A3E5BD00CB55CF /* FeedCell.swift in Sources */ = {isa = PBXBuildFile; fileRef = 7C9E103B26A3E5BD00CB55CF /* FeedCell.swift */; };
		7C9E103E26A3E94D00CB55CF /* FeedResult.swift in Sources */ = {isa = PBXBuildFile; fileRef = 7C9E103D26A3E94D00CB55CF /* FeedResult.swift */; };
		7C9E104026A3EC6600CB55CF /* URLRequest+Ext.swift in Sources */ = {isa = PBXBuildFile; fileRef = 7C9E103F26A3EC6600CB55CF /* URLRequest+Ext.swift */; };
		7CDE405126A4E6E8008CD22F /* suara.xcdatamodeld in Sources */ = {isa = PBXBuildFile; fileRef = 7CDE404F26A4E6E8008CD22F /* suara.xcdatamodeld */; };
		7CDE405726A500CF008CD22F /* ProductDetailController.swift in Sources */ = {isa = PBXBuildFile; fileRef = 7CDE405626A500CF008CD22F /* ProductDetailController.swift */; };
		7CDE405A26A50C38008CD22F /* FavoriteController.swift in Sources */ = {isa = PBXBuildFile; fileRef = 7CDE405926A50C38008CD22F /* FavoriteController.swift */; };
		7CDE405C26A50C6C008CD22F /* FavoriteViewModel.swift in Sources */ = {isa = PBXBuildFile; fileRef = 7CDE405B26A50C6C008CD22F /* FavoriteViewModel.swift */; };
		7CDE405E26A513EF008CD22F /* FavoriteCell.swift in Sources */ = {isa = PBXBuildFile; fileRef = 7CDE405D26A513EF008CD22F /* FavoriteCell.swift */; };
/* End PBXBuildFile section */

/* Begin PBXCopyFilesBuildPhase section */
		7CDE404826A4E485008CD22F /* CopyFiles */ = {
			isa = PBXCopyFilesBuildPhase;
			buildActionMask = 2147483647;
			dstPath = "";
			dstSubfolderSpec = 7;
			files = (
			);
			runOnlyForDeploymentPostprocessing = 0;
		};
/* End PBXCopyFilesBuildPhase section */

/* Begin PBXFileReference section */
		4F9CDFCE5F9E399792EB4AD0 /* Pods-Suara.debug.xcconfig */ = {isa = PBXFileReference; includeInIndex = 1; lastKnownFileType = text.xcconfig; name = "Pods-Suara.debug.xcconfig"; path = "Target Support Files/Pods-Suara/Pods-Suara.debug.xcconfig"; sourceTree = "<group>"; };
		7C3725D726A14AE400D20A30 /* Suara.app */ = {isa = PBXFileReference; explicitFileType = wrapper.application; includeInIndex = 0; path = Suara.app; sourceTree = BUILT_PRODUCTS_DIR; };
		7C3725DA26A14AE400D20A30 /* AppDelegate.swift */ = {isa = PBXFileReference; lastKnownFileType = sourcecode.swift; path = AppDelegate.swift; sourceTree = "<group>"; };
		7C3725DC26A14AE400D20A30 /* SceneDelegate.swift */ = {isa = PBXFileReference; lastKnownFileType = sourcecode.swift; path = SceneDelegate.swift; sourceTree = "<group>"; };
		7C3725E326A14AE500D20A30 /* Assets.xcassets */ = {isa = PBXFileReference; lastKnownFileType = folder.assetcatalog; path = Assets.xcassets; sourceTree = "<group>"; };
		7C3725E626A14AE500D20A30 /* Base */ = {isa = PBXFileReference; lastKnownFileType = file.storyboard; name = Base; path = Base.lproj/LaunchScreen.storyboard; sourceTree = "<group>"; };
		7C3725E826A14AE500D20A30 /* Info.plist */ = {isa = PBXFileReference; lastKnownFileType = text.plist.xml; path = Info.plist; sourceTree = "<group>"; };
		7C3725EE26A14BA800D20A30 /* GoogleService-Info.plist */ = {isa = PBXFileReference; fileEncoding = 4; lastKnownFileType = text.plist.xml; path = "GoogleService-Info.plist"; sourceTree = "<group>"; };
		7C3725F326A1706400D20A30 /* LoginController.swift */ = {isa = PBXFileReference; lastKnownFileType = sourcecode.swift; path = LoginController.swift; sourceTree = "<group>"; };
		7C62D4A026A41BF9007449B2 /* UIImageView+Extension.swift */ = {isa = PBXFileReference; lastKnownFileType = sourcecode.swift; path = "UIImageView+Extension.swift"; sourceTree = "<group>"; };
		7C62D4A726A46460007449B2 /* CategoryView.swift */ = {isa = PBXFileReference; lastKnownFileType = sourcecode.swift; path = CategoryView.swift; sourceTree = "<group>"; };
		7C62D4A926A4C3F3007449B2 /* SearchController.swift */ = {isa = PBXFileReference; lastKnownFileType = sourcecode.swift; path = SearchController.swift; sourceTree = "<group>"; };
		7C62D4AB26A4C469007449B2 /* SearchCell.swift */ = {isa = PBXFileReference; lastKnownFileType = sourcecode.swift; path = SearchCell.swift; sourceTree = "<group>"; };
		7C62D4AE26A4D4EB007449B2 /* SearchViewModel.swift */ = {isa = PBXFileReference; lastKnownFileType = sourcecode.swift; path = SearchViewModel.swift; sourceTree = "<group>"; };
		7C62D4B726A4D8F5007449B2 /* CoreDataHelper.swift */ = {isa = PBXFileReference; lastKnownFileType = sourcecode.swift; path = CoreDataHelper.swift; sourceTree = "<group>"; };
		7C62D4B926A4D933007449B2 /* ProductCoreData.swift */ = {isa = PBXFileReference; lastKnownFileType = sourcecode.swift; path = ProductCoreData.swift; sourceTree = "<group>"; };
		7C7FFDF226A2ACF60009C29E /* UIView+Extension.swift */ = {isa = PBXFileReference; lastKnownFileType = sourcecode.swift; path = "UIView+Extension.swift"; sourceTree = "<group>"; };
		7C7FFDF526A2B1AE0009C29E /* LoginView.swift */ = {isa = PBXFileReference; lastKnownFileType = sourcecode.swift; path = LoginView.swift; sourceTree = "<group>"; };
		7C7FFDF726A2B2710009C29E /* UIFont.swift */ = {isa = PBXFileReference; lastKnownFileType = sourcecode.swift; path = UIFont.swift; sourceTree = "<group>"; };
		7C7FFDF926A2B2B40009C29E /* RobotoRegular.ttf */ = {isa = PBXFileReference; lastKnownFileType = file; path = RobotoRegular.ttf; sourceTree = "<group>"; };
		7C7FFDFA26A2B2B40009C29E /* RobotoBold.ttf */ = {isa = PBXFileReference; lastKnownFileType = file; path = RobotoBold.ttf; sourceTree = "<group>"; };
		7C7FFDFB26A2B2B40009C29E /* RobotoMedium.ttf */ = {isa = PBXFileReference; lastKnownFileType = file; path = RobotoMedium.ttf; sourceTree = "<group>"; };
		7C7FFDFC26A2B2B40009C29E /* RobotoBlack.ttf */ = {isa = PBXFileReference; lastKnownFileType = file; path = RobotoBlack.ttf; sourceTree = "<group>"; };
		7C7FFDFD26A2B2B40009C29E /* RobotoLight.ttf */ = {isa = PBXFileReference; lastKnownFileType = file; path = RobotoLight.ttf; sourceTree = "<group>"; };
		7C7FFDFE26A2B2B40009C29E /* RobotoThin.ttf */ = {isa = PBXFileReference; lastKnownFileType = file; path = RobotoThin.ttf; sourceTree = "<group>"; };
		7C7FFE0126A2B5A80009C29E /* IndentedTextField.swift */ = {isa = PBXFileReference; lastKnownFileType = sourcecode.swift; path = IndentedTextField.swift; sourceTree = "<group>"; };
		7C7FFE0326A2B6060009C29E /* UILabel+Extension.swift */ = {isa = PBXFileReference; lastKnownFileType = sourcecode.swift; path = "UILabel+Extension.swift"; sourceTree = "<group>"; };
		7C7FFE0526A2D1CE0009C29E /* LoginViewModel.swift */ = {isa = PBXFileReference; lastKnownFileType = sourcecode.swift; path = LoginViewModel.swift; sourceTree = "<group>"; };
		7C7FFE0C26A2D81A0009C29E /* APIManager.swift */ = {isa = PBXFileReference; lastKnownFileType = sourcecode.swift; path = APIManager.swift; sourceTree = "<group>"; };
		7C7FFE0E26A2D84F0009C29E /* EndpointType.swift */ = {isa = PBXFileReference; lastKnownFileType = sourcecode.swift; path = EndpointType.swift; sourceTree = "<group>"; };
		7C7FFE1026A2D8D20009C29E /* FeedEndpoint.swift */ = {isa = PBXFileReference; lastKnownFileType = sourcecode.swift; path = FeedEndpoint.swift; sourceTree = "<group>"; };
		7C7FFE1226A2D90C0009C29E /* APIConstant.swift */ = {isa = PBXFileReference; lastKnownFileType = sourcecode.swift; path = APIConstant.swift; sourceTree = "<group>"; };
		7C7FFE1526A2DCCB0009C29E /* MainTabbarController.swift */ = {isa = PBXFileReference; lastKnownFileType = sourcecode.swift; path = MainTabbarController.swift; sourceTree = "<group>"; };
		7C7FFE1726A2DD7D0009C29E /* HomeController.swift */ = {isa = PBXFileReference; lastKnownFileType = sourcecode.swift; path = HomeController.swift; sourceTree = "<group>"; };
		7C9E102A26A327E900CB55CF /* HomeView.swift */ = {isa = PBXFileReference; lastKnownFileType = sourcecode.swift; path = HomeView.swift; sourceTree = "<group>"; };
		7C9E103326A395CA00CB55CF /* HomeViewModel.swift */ = {isa = PBXFileReference; lastKnownFileType = sourcecode.swift; path = HomeViewModel.swift; sourceTree = "<group>"; };
		7C9E103526A395F900CB55CF /* HomeNetworkModel.swift */ = {isa = PBXFileReference; lastKnownFileType = sourcecode.swift; path = HomeNetworkModel.swift; sourceTree = "<group>"; };
		7C9E103726A397C000CB55CF /* NetworkModel.swift */ = {isa = PBXFileReference; lastKnownFileType = sourcecode.swift; path = NetworkModel.swift; sourceTree = "<group>"; };
		7C9E103926A3E2E400CB55CF /* CategoryCell.swift */ = {isa = PBXFileReference; lastKnownFileType = sourcecode.swift; path = CategoryCell.swift; sourceTree = "<group>"; };
		7C9E103B26A3E5BD00CB55CF /* FeedCell.swift */ = {isa = PBXFileReference; lastKnownFileType = sourcecode.swift; path = FeedCell.swift; sourceTree = "<group>"; };
		7C9E103D26A3E94D00CB55CF /* FeedResult.swift */ = {isa = PBXFileReference; lastKnownFileType = sourcecode.swift; path = FeedResult.swift; sourceTree = "<group>"; };
		7C9E103F26A3EC6600CB55CF /* URLRequest+Ext.swift */ = {isa = PBXFileReference; lastKnownFileType = sourcecode.swift; path = "URLRequest+Ext.swift"; sourceTree = "<group>"; };
		7CDE405026A4E6E8008CD22F /* suara.xcdatamodel */ = {isa = PBXFileReference; lastKnownFileType = wrapper.xcdatamodel; path = suara.xcdatamodel; sourceTree = "<group>"; };
		7CDE405626A500CF008CD22F /* ProductDetailController.swift */ = {isa = PBXFileReference; lastKnownFileType = sourcecode.swift; path = ProductDetailController.swift; sourceTree = "<group>"; };
		7CDE405926A50C38008CD22F /* FavoriteController.swift */ = {isa = PBXFileReference; lastKnownFileType = sourcecode.swift; path = FavoriteController.swift; sourceTree = "<group>"; };
		7CDE405B26A50C6C008CD22F /* FavoriteViewModel.swift */ = {isa = PBXFileReference; lastKnownFileType = sourcecode.swift; path = FavoriteViewModel.swift; sourceTree = "<group>"; };
		7CDE405D26A513EF008CD22F /* FavoriteCell.swift */ = {isa = PBXFileReference; lastKnownFileType = sourcecode.swift; path = FavoriteCell.swift; sourceTree = "<group>"; };
		F2A5F9ECF25A8B152779684E /* Pods-Suara.release.xcconfig */ = {isa = PBXFileReference; includeInIndex = 1; lastKnownFileType = text.xcconfig; name = "Pods-Suara.release.xcconfig"; path = "Target Support Files/Pods-Suara/Pods-Suara.release.xcconfig"; sourceTree = "<group>"; };
		F518F789CBF124B5CAD6A3D6 /* Pods_Suara.framework */ = {isa = PBXFileReference; explicitFileType = wrapper.framework; includeInIndex = 0; path = Pods_Suara.framework; sourceTree = BUILT_PRODUCTS_DIR; };
/* End PBXFileReference section */

/* Begin PBXFrameworksBuildPhase section */
		7C3725D426A14AE400D20A30 /* Frameworks */ = {
			isa = PBXFrameworksBuildPhase;
			buildActionMask = 2147483647;
			files = (
				7C9E103126A32BB900CB55CF /* FacebookLogin in Frameworks */,
				7C62D4A626A41C87007449B2 /* SDWebImageMapKit in Frameworks */,
				7C7FFE0B26A2D8050009C29E /* Alamofire in Frameworks */,
				7C62D4A426A41C87007449B2 /* SDWebImage in Frameworks */,
				568DB6B575806E36E487F777 /* Pods_Suara.framework in Frameworks */,
			);
			runOnlyForDeploymentPostprocessing = 0;
		};
/* End PBXFrameworksBuildPhase section */

/* Begin PBXGroup section */
		7C3725CE26A14AE400D20A30 = {
			isa = PBXGroup;
			children = (
				7C3725D926A14AE400D20A30 /* Suara */,
				7C3725D826A14AE400D20A30 /* Products */,
				EF0995646BAB38F6BD14CCE8 /* Pods */,
				A4F003CB21047E5278A84BBC /* Frameworks */,
			);
			sourceTree = "<group>";
		};
		7C3725D826A14AE400D20A30 /* Products */ = {
			isa = PBXGroup;
			children = (
				7C3725D726A14AE400D20A30 /* Suara.app */,
			);
			name = Products;
			sourceTree = "<group>";
		};
		7C3725D926A14AE400D20A30 /* Suara */ = {
			isa = PBXGroup;
			children = (
				7C62D4B626A4D8DD007449B2 /* CoreData */,
				7C7FFE1426A2DC630009C29E /* Support */,
				7C9E103226A3393800CB55CF /* Scene */,
				7C7FFE0826A2D7B30009C29E /* Networking */,
				7C7FFE0026A2B3350009C29E /* Extension */,
				7C9E103D26A3E94D00CB55CF /* FeedResult.swift */,
			);
			path = Suara;
			sourceTree = "<group>";
		};
		7C62D4AD26A4C497007449B2 /* Search */ = {
			isa = PBXGroup;
			children = (
				7C62D4A926A4C3F3007449B2 /* SearchController.swift */,
				7C62D4AB26A4C469007449B2 /* SearchCell.swift */,
				7C62D4AE26A4D4EB007449B2 /* SearchViewModel.swift */,
			);
			path = Search;
			sourceTree = "<group>";
		};
		7C62D4B626A4D8DD007449B2 /* CoreData */ = {
			isa = PBXGroup;
			children = (
				7C62D4B726A4D8F5007449B2 /* CoreDataHelper.swift */,
				7C62D4B926A4D933007449B2 /* ProductCoreData.swift */,
				7CDE404F26A4E6E8008CD22F /* suara.xcdatamodeld */,
			);
			path = CoreData;
			sourceTree = "<group>";
		};
		7C7FFDF426A2AED30009C29E /* Auth */ = {
			isa = PBXGroup;
			children = (
				7C3725F326A1706400D20A30 /* LoginController.swift */,
				7C7FFDF526A2B1AE0009C29E /* LoginView.swift */,
				7C7FFE0526A2D1CE0009C29E /* LoginViewModel.swift */,
			);
			path = Auth;
			sourceTree = "<group>";
		};
		7C7FFDFF26A2B2C30009C29E /* Font */ = {
			isa = PBXGroup;
			children = (
				7C7FFDF726A2B2710009C29E /* UIFont.swift */,
				7C7FFDFC26A2B2B40009C29E /* RobotoBlack.ttf */,
				7C7FFDFA26A2B2B40009C29E /* RobotoBold.ttf */,
				7C7FFDFD26A2B2B40009C29E /* RobotoLight.ttf */,
				7C7FFDFB26A2B2B40009C29E /* RobotoMedium.ttf */,
				7C7FFDF926A2B2B40009C29E /* RobotoRegular.ttf */,
				7C7FFDFE26A2B2B40009C29E /* RobotoThin.ttf */,
			);
			path = Font;
			sourceTree = "<group>";
		};
		7C7FFE0026A2B3350009C29E /* Extension */ = {
			isa = PBXGroup;
			children = (
				7C7FFE0126A2B5A80009C29E /* IndentedTextField.swift */,
				7C7FFDF226A2ACF60009C29E /* UIView+Extension.swift */,
				7C7FFE0326A2B6060009C29E /* UILabel+Extension.swift */,
				7C62D4A026A41BF9007449B2 /* UIImageView+Extension.swift */,
			);
			path = Extension;
			sourceTree = "<group>";
		};
		7C7FFE0826A2D7B30009C29E /* Networking */ = {
			isa = PBXGroup;
			children = (
				7C7FFE0C26A2D81A0009C29E /* APIManager.swift */,
				7C7FFE0E26A2D84F0009C29E /* EndpointType.swift */,
				7C7FFE1026A2D8D20009C29E /* FeedEndpoint.swift */,
				7C7FFE1226A2D90C0009C29E /* APIConstant.swift */,
				7C9E103726A397C000CB55CF /* NetworkModel.swift */,
				7C9E103526A395F900CB55CF /* HomeNetworkModel.swift */,
				7C9E103F26A3EC6600CB55CF /* URLRequest+Ext.swift */,
			);
			path = Networking;
			sourceTree = "<group>";
		};
		7C7FFE1426A2DC630009C29E /* Support */ = {
			isa = PBXGroup;
			children = (
				7C7FFDFF26A2B2C30009C29E /* Font */,
				7C3725EE26A14BA800D20A30 /* GoogleService-Info.plist */,
				7C3725E526A14AE500D20A30 /* LaunchScreen.storyboard */,
				7C3725E826A14AE500D20A30 /* Info.plist */,
				7C3725DA26A14AE400D20A30 /* AppDelegate.swift */,
				7C3725DC26A14AE400D20A30 /* SceneDelegate.swift */,
				7C3725E326A14AE500D20A30 /* Assets.xcassets */,
			);
			path = Support;
			sourceTree = "<group>";
		};
		7C9E102926A327CA00CB55CF /* Home */ = {
			isa = PBXGroup;
			children = (
				7C7FFE1726A2DD7D0009C29E /* HomeController.swift */,
				7C9E102A26A327E900CB55CF /* HomeView.swift */,
				7C9E103326A395CA00CB55CF /* HomeViewModel.swift */,
				7C9E103B26A3E5BD00CB55CF /* FeedCell.swift */,
				7C9E103926A3E2E400CB55CF /* CategoryCell.swift */,
				7C62D4A726A46460007449B2 /* CategoryView.swift */,
			);
			path = Home;
			sourceTree = "<group>";
		};
		7C9E103226A3393800CB55CF /* Scene */ = {
			isa = PBXGroup;
			children = (
				7C7FFE1526A2DCCB0009C29E /* MainTabbarController.swift */,
				7CDE405826A505F7008CD22F /* ProductDetail */,
				7C9E102926A327CA00CB55CF /* Home */,
				7C7FFDF426A2AED30009C29E /* Auth */,
				7C62D4AD26A4C497007449B2 /* Search */,
				7CDE405F26A513F3008CD22F /* Favorite */,
			);
			path = Scene;
			sourceTree = "<group>";
		};
		7CDE405826A505F7008CD22F /* ProductDetail */ = {
			isa = PBXGroup;
			children = (
				7CDE405626A500CF008CD22F /* ProductDetailController.swift */,
			);
			path = ProductDetail;
			sourceTree = "<group>";
		};
		7CDE405F26A513F3008CD22F /* Favorite */ = {
			isa = PBXGroup;
			children = (
				7CDE405926A50C38008CD22F /* FavoriteController.swift */,
				7CDE405B26A50C6C008CD22F /* FavoriteViewModel.swift */,
				7CDE405D26A513EF008CD22F /* FavoriteCell.swift */,
			);
			path = Favorite;
			sourceTree = "<group>";
		};
		A4F003CB21047E5278A84BBC /* Frameworks */ = {
			isa = PBXGroup;
			children = (
				F518F789CBF124B5CAD6A3D6 /* Pods_Suara.framework */,
			);
			name = Frameworks;
			sourceTree = "<group>";
		};
		EF0995646BAB38F6BD14CCE8 /* Pods */ = {
			isa = PBXGroup;
			children = (
				4F9CDFCE5F9E399792EB4AD0 /* Pods-Suara.debug.xcconfig */,
				F2A5F9ECF25A8B152779684E /* Pods-Suara.release.xcconfig */,
			);
			path = Pods;
			sourceTree = "<group>";
		};
/* End PBXGroup section */

/* Begin PBXNativeTarget section */
		7C3725D626A14AE400D20A30 /* Suara */ = {
			isa = PBXNativeTarget;
			buildConfigurationList = 7C3725EB26A14AE500D20A30 /* Build configuration list for PBXNativeTarget "Suara" */;
			buildPhases = (
				26851B5A08419504C4963D3F /* [CP] Check Pods Manifest.lock */,
				7C3725D326A14AE400D20A30 /* Sources */,
				7C3725D426A14AE400D20A30 /* Frameworks */,
				7C3725D526A14AE400D20A30 /* Resources */,
				A497135C96F402B37519E590 /* [CP] Embed Pods Frameworks */,
				21382BEE1EB5790949F86D0D /* [CP] Copy Pods Resources */,
				7CDE404826A4E485008CD22F /* CopyFiles */,
			);
			buildRules = (
			);
			dependencies = (
			);
			name = Suara;
			packageProductDependencies = (
				7C7FFE0A26A2D8050009C29E /* Alamofire */,
				7C9E103026A32BB900CB55CF /* FacebookLogin */,
				7C62D4A326A41C87007449B2 /* SDWebImage */,
				7C62D4A526A41C87007449B2 /* SDWebImageMapKit */,
			);
			productName = Suara;
			productReference = 7C3725D726A14AE400D20A30 /* Suara.app */;
			productType = "com.apple.product-type.application";
		};
/* End PBXNativeTarget section */

/* Begin PBXProject section */
		7C3725CF26A14AE400D20A30 /* Project object */ = {
			isa = PBXProject;
			attributes = {
				LastSwiftUpdateCheck = 1250;
				LastUpgradeCheck = 1250;
				TargetAttributes = {
					7C3725D626A14AE400D20A30 = {
						CreatedOnToolsVersion = 12.5.1;
					};
				};
			};
			buildConfigurationList = 7C3725D226A14AE400D20A30 /* Build configuration list for PBXProject "Suara" */;
			compatibilityVersion = "Xcode 9.3";
			developmentRegion = en;
			hasScannedForEncodings = 0;
			knownRegions = (
				en,
				Base,
			);
			mainGroup = 7C3725CE26A14AE400D20A30;
			packageReferences = (
				7C7FFE0926A2D8050009C29E /* XCRemoteSwiftPackageReference "Alamofire" */,
				7C9E102F26A32BB900CB55CF /* XCRemoteSwiftPackageReference "facebook-ios-sdk" */,
				7C62D4A226A41C87007449B2 /* XCRemoteSwiftPackageReference "SDWebImage" */,
			);
			productRefGroup = 7C3725D826A14AE400D20A30 /* Products */;
			projectDirPath = "";
			projectRoot = "";
			targets = (
				7C3725D626A14AE400D20A30 /* Suara */,
			);
		};
/* End PBXProject section */

/* Begin PBXResourcesBuildPhase section */
		7C3725D526A14AE400D20A30 /* Resources */ = {
			isa = PBXResourcesBuildPhase;
			buildActionMask = 2147483647;
			files = (
				7C3725E726A14AE500D20A30 /* LaunchScreen.storyboard in Resources */,
				7C3725E426A14AE500D20A30 /* Assets.xcassets in Resources */,
			);
			runOnlyForDeploymentPostprocessing = 0;
		};
/* End PBXResourcesBuildPhase section */

/* Begin PBXShellScriptBuildPhase section */
		21382BEE1EB5790949F86D0D /* [CP] Copy Pods Resources */ = {
			isa = PBXShellScriptBuildPhase;
			buildActionMask = 2147483647;
			files = (
			);
			inputFileListPaths = (
				"${PODS_ROOT}/Target Support Files/Pods-Suara/Pods-Suara-resources-${CONFIGURATION}-input-files.xcfilelist",
			);
			name = "[CP] Copy Pods Resources";
			outputFileListPaths = (
				"${PODS_ROOT}/Target Support Files/Pods-Suara/Pods-Suara-resources-${CONFIGURATION}-output-files.xcfilelist",
			);
			runOnlyForDeploymentPostprocessing = 0;
			shellPath = /bin/sh;
			shellScript = "\"${PODS_ROOT}/Target Support Files/Pods-Suara/Pods-Suara-resources.sh\"\n";
			showEnvVarsInLog = 0;
		};
		26851B5A08419504C4963D3F /* [CP] Check Pods Manifest.lock */ = {
			isa = PBXShellScriptBuildPhase;
			buildActionMask = 2147483647;
			files = (
			);
			inputFileListPaths = (
			);
			inputPaths = (
				"${PODS_PODFILE_DIR_PATH}/Podfile.lock",
				"${PODS_ROOT}/Manifest.lock",
			);
			name = "[CP] Check Pods Manifest.lock";
			outputFileListPaths = (
			);
			outputPaths = (
				"$(DERIVED_FILE_DIR)/Pods-Suara-checkManifestLockResult.txt",
			);
			runOnlyForDeploymentPostprocessing = 0;
			shellPath = /bin/sh;
			shellScript = "diff \"${PODS_PODFILE_DIR_PATH}/Podfile.lock\" \"${PODS_ROOT}/Manifest.lock\" > /dev/null\nif [ $? != 0 ] ; then\n    # print error to STDERR\n    echo \"error: The sandbox is not in sync with the Podfile.lock. Run 'pod install' or update your CocoaPods installation.\" >&2\n    exit 1\nfi\n# This output is used by Xcode 'outputs' to avoid re-running this script phase.\necho \"SUCCESS\" > \"${SCRIPT_OUTPUT_FILE_0}\"\n";
			showEnvVarsInLog = 0;
		};
		A497135C96F402B37519E590 /* [CP] Embed Pods Frameworks */ = {
			isa = PBXShellScriptBuildPhase;
			buildActionMask = 2147483647;
			files = (
			);
			inputFileListPaths = (
				"${PODS_ROOT}/Target Support Files/Pods-Suara/Pods-Suara-frameworks-${CONFIGURATION}-input-files.xcfilelist",
			);
			name = "[CP] Embed Pods Frameworks";
			outputFileListPaths = (
				"${PODS_ROOT}/Target Support Files/Pods-Suara/Pods-Suara-frameworks-${CONFIGURATION}-output-files.xcfilelist",
			);
			runOnlyForDeploymentPostprocessing = 0;
			shellPath = /bin/sh;
			shellScript = "\"${PODS_ROOT}/Target Support Files/Pods-Suara/Pods-Suara-frameworks.sh\"\n";
			showEnvVarsInLog = 0;
		};
/* End PBXShellScriptBuildPhase section */

/* Begin PBXSourcesBuildPhase section */
		7C3725D326A14AE400D20A30 /* Sources */ = {
			isa = PBXSourcesBuildPhase;
			buildActionMask = 2147483647;
			files = (
				7C62D4BA26A4D933007449B2 /* ProductCoreData.swift in Sources */,
				7C62D4B826A4D8F5007449B2 /* CoreDataHelper.swift in Sources */,
				7CDE405E26A513EF008CD22F /* FavoriteCell.swift in Sources */,
				7C9E103426A395CA00CB55CF /* HomeViewModel.swift in Sources */,
				7C9E104026A3EC6600CB55CF /* URLRequest+Ext.swift in Sources */,
				7C7FFE0426A2B6060009C29E /* UILabel+Extension.swift in Sources */,
				7C62D4AA26A4C3F3007449B2 /* SearchController.swift in Sources */,
				7C62D4A126A41BF9007449B2 /* UIImageView+Extension.swift in Sources */,
				7C7FFDF626A2B1AE0009C29E /* LoginView.swift in Sources */,
				7C7FFE1626A2DCCB0009C29E /* MainTabbarController.swift in Sources */,
				7C9E103E26A3E94D00CB55CF /* FeedResult.swift in Sources */,
				7CDE405A26A50C38008CD22F /* FavoriteController.swift in Sources */,
				7C7FFE0D26A2D81A0009C29E /* APIManager.swift in Sources */,
				7C3725F426A1706400D20A30 /* LoginController.swift in Sources */,
				7C7FFE1126A2D8D20009C29E /* FeedEndpoint.swift in Sources */,
				7C7FFE1326A2D90C0009C29E /* APIConstant.swift in Sources */,
				7C9E103826A397C000CB55CF /* NetworkModel.swift in Sources */,
				7C62D4AC26A4C469007449B2 /* SearchCell.swift in Sources */,
				7CDE405726A500CF008CD22F /* ProductDetailController.swift in Sources */,
				7C7FFE0226A2B5A80009C29E /* IndentedTextField.swift in Sources */,
				7C7FFDF826A2B2710009C29E /* UIFont.swift in Sources */,
				7C62D4A826A46460007449B2 /* CategoryView.swift in Sources */,
				7C3725DB26A14AE400D20A30 /* AppDelegate.swift in Sources */,
				7C7FFE0F26A2D84F0009C29E /* EndpointType.swift in Sources */,
				7C7FFDF326A2ACF60009C29E /* UIView+Extension.swift in Sources */,
				7C9E103C26A3E5BD00CB55CF /* FeedCell.swift in Sources */,
				7C3725DD26A14AE400D20A30 /* SceneDelegate.swift in Sources */,
				7C62D4AF26A4D4EB007449B2 /* SearchViewModel.swift in Sources */,
				7C9E102B26A327E900CB55CF /* HomeView.swift in Sources */,
				7CDE405126A4E6E8008CD22F /* suara.xcdatamodeld in Sources */,
				7C9E103626A395F900CB55CF /* HomeNetworkModel.swift in Sources */,
				7CDE405C26A50C6C008CD22F /* FavoriteViewModel.swift in Sources */,
				7C7FFE0626A2D1CE0009C29E /* LoginViewModel.swift in Sources */,
				7C7FFE1826A2DD7D0009C29E /* HomeController.swift in Sources */,
				7C9E103A26A3E2E400CB55CF /* CategoryCell.swift in Sources */,
			);
			runOnlyForDeploymentPostprocessing = 0;
		};
/* End PBXSourcesBuildPhase section */

/* Begin PBXVariantGroup section */
		7C3725E526A14AE500D20A30 /* LaunchScreen.storyboard */ = {
			isa = PBXVariantGroup;
			children = (
				7C3725E626A14AE500D20A30 /* Base */,
			);
			name = LaunchScreen.storyboard;
			sourceTree = "<group>";
		};
/* End PBXVariantGroup section */

/* Begin XCBuildConfiguration section */
		7C3725E926A14AE500D20A30 /* Debug */ = {
			isa = XCBuildConfiguration;
			buildSettings = {
				ALWAYS_SEARCH_USER_PATHS = NO;
				CLANG_ANALYZER_NONNULL = YES;
				CLANG_ANALYZER_NUMBER_OBJECT_CONVERSION = YES_AGGRESSIVE;
				CLANG_CXX_LANGUAGE_STANDARD = "gnu++14";
				CLANG_CXX_LIBRARY = "libc++";
				CLANG_ENABLE_MODULES = YES;
				CLANG_ENABLE_OBJC_ARC = YES;
				CLANG_ENABLE_OBJC_WEAK = YES;
				CLANG_WARN_BLOCK_CAPTURE_AUTORELEASING = YES;
				CLANG_WARN_BOOL_CONVERSION = YES;
				CLANG_WARN_COMMA = YES;
				CLANG_WARN_CONSTANT_CONVERSION = YES;
				CLANG_WARN_DEPRECATED_OBJC_IMPLEMENTATIONS = YES;
				CLANG_WARN_DIRECT_OBJC_ISA_USAGE = YES_ERROR;
				CLANG_WARN_DOCUMENTATION_COMMENTS = YES;
				CLANG_WARN_EMPTY_BODY = YES;
				CLANG_WARN_ENUM_CONVERSION = YES;
				CLANG_WARN_INFINITE_RECURSION = YES;
				CLANG_WARN_INT_CONVERSION = YES;
				CLANG_WARN_NON_LITERAL_NULL_CONVERSION = YES;
				CLANG_WARN_OBJC_IMPLICIT_RETAIN_SELF = YES;
				CLANG_WARN_OBJC_LITERAL_CONVERSION = YES;
				CLANG_WARN_OBJC_ROOT_CLASS = YES_ERROR;
				CLANG_WARN_QUOTED_INCLUDE_IN_FRAMEWORK_HEADER = YES;
				CLANG_WARN_RANGE_LOOP_ANALYSIS = YES;
				CLANG_WARN_STRICT_PROTOTYPES = YES;
				CLANG_WARN_SUSPICIOUS_MOVE = YES;
				CLANG_WARN_UNGUARDED_AVAILABILITY = YES_AGGRESSIVE;
				CLANG_WARN_UNREACHABLE_CODE = YES;
				CLANG_WARN__DUPLICATE_METHOD_MATCH = YES;
				COPY_PHASE_STRIP = NO;
				DEBUG_INFORMATION_FORMAT = dwarf;
				ENABLE_STRICT_OBJC_MSGSEND = YES;
				ENABLE_TESTABILITY = YES;
				GCC_C_LANGUAGE_STANDARD = gnu11;
				GCC_DYNAMIC_NO_PIC = NO;
				GCC_NO_COMMON_BLOCKS = YES;
				GCC_OPTIMIZATION_LEVEL = 0;
				GCC_PREPROCESSOR_DEFINITIONS = (
					"DEBUG=1",
					"$(inherited)",
				);
				GCC_WARN_64_TO_32_BIT_CONVERSION = YES;
				GCC_WARN_ABOUT_RETURN_TYPE = YES_ERROR;
				GCC_WARN_UNDECLARED_SELECTOR = YES;
				GCC_WARN_UNINITIALIZED_AUTOS = YES_AGGRESSIVE;
				GCC_WARN_UNUSED_FUNCTION = YES;
				GCC_WARN_UNUSED_VARIABLE = YES;
				IPHONEOS_DEPLOYMENT_TARGET = 14.5;
				MTL_ENABLE_DEBUG_INFO = INCLUDE_SOURCE;
				MTL_FAST_MATH = YES;
				ONLY_ACTIVE_ARCH = YES;
				SDKROOT = iphoneos;
				SWIFT_ACTIVE_COMPILATION_CONDITIONS = DEBUG;
				SWIFT_OPTIMIZATION_LEVEL = "-Onone";
			};
			name = Debug;
		};
		7C3725EA26A14AE500D20A30 /* Release */ = {
			isa = XCBuildConfiguration;
			buildSettings = {
				ALWAYS_SEARCH_USER_PATHS = NO;
				CLANG_ANALYZER_NONNULL = YES;
				CLANG_ANALYZER_NUMBER_OBJECT_CONVERSION = YES_AGGRESSIVE;
				CLANG_CXX_LANGUAGE_STANDARD = "gnu++14";
				CLANG_CXX_LIBRARY = "libc++";
				CLANG_ENABLE_MODULES = YES;
				CLANG_ENABLE_OBJC_ARC = YES;
				CLANG_ENABLE_OBJC_WEAK = YES;
				CLANG_WARN_BLOCK_CAPTURE_AUTORELEASING = YES;
				CLANG_WARN_BOOL_CONVERSION = YES;
				CLANG_WARN_COMMA = YES;
				CLANG_WARN_CONSTANT_CONVERSION = YES;
				CLANG_WARN_DEPRECATED_OBJC_IMPLEMENTATIONS = YES;
				CLANG_WARN_DIRECT_OBJC_ISA_USAGE = YES_ERROR;
				CLANG_WARN_DOCUMENTATION_COMMENTS = YES;
				CLANG_WARN_EMPTY_BODY = YES;
				CLANG_WARN_ENUM_CONVERSION = YES;
				CLANG_WARN_INFINITE_RECURSION = YES;
				CLANG_WARN_INT_CONVERSION = YES;
				CLANG_WARN_NON_LITERAL_NULL_CONVERSION = YES;
				CLANG_WARN_OBJC_IMPLICIT_RETAIN_SELF = YES;
				CLANG_WARN_OBJC_LITERAL_CONVERSION = YES;
				CLANG_WARN_OBJC_ROOT_CLASS = YES_ERROR;
				CLANG_WARN_QUOTED_INCLUDE_IN_FRAMEWORK_HEADER = YES;
				CLANG_WARN_RANGE_LOOP_ANALYSIS = YES;
				CLANG_WARN_STRICT_PROTOTYPES = YES;
				CLANG_WARN_SUSPICIOUS_MOVE = YES;
				CLANG_WARN_UNGUARDED_AVAILABILITY = YES_AGGRESSIVE;
				CLANG_WARN_UNREACHABLE_CODE = YES;
				CLANG_WARN__DUPLICATE_METHOD_MATCH = YES;
				COPY_PHASE_STRIP = NO;
				DEBUG_INFORMATION_FORMAT = "dwarf-with-dsym";
				ENABLE_NS_ASSERTIONS = NO;
				ENABLE_STRICT_OBJC_MSGSEND = YES;
				GCC_C_LANGUAGE_STANDARD = gnu11;
				GCC_NO_COMMON_BLOCKS = YES;
				GCC_WARN_64_TO_32_BIT_CONVERSION = YES;
				GCC_WARN_ABOUT_RETURN_TYPE = YES_ERROR;
				GCC_WARN_UNDECLARED_SELECTOR = YES;
				GCC_WARN_UNINITIALIZED_AUTOS = YES_AGGRESSIVE;
				GCC_WARN_UNUSED_FUNCTION = YES;
				GCC_WARN_UNUSED_VARIABLE = YES;
				IPHONEOS_DEPLOYMENT_TARGET = 14.5;
				MTL_ENABLE_DEBUG_INFO = NO;
				MTL_FAST_MATH = YES;
				SDKROOT = iphoneos;
				SWIFT_COMPILATION_MODE = wholemodule;
				SWIFT_OPTIMIZATION_LEVEL = "-O";
				VALIDATE_PRODUCT = YES;
			};
			name = Release;
		};
		7C3725EC26A14AE500D20A30 /* Debug */ = {
			isa = XCBuildConfiguration;
			baseConfigurationReference = 4F9CDFCE5F9E399792EB4AD0 /* Pods-Suara.debug.xcconfig */;
			buildSettings = {
				API_BASE_URL = "https://private-4639ce-ecommerce56.apiary-mock.com";
				ASSETCATALOG_COMPILER_APPICON_NAME = AppIcon;
				ASSETCATALOG_COMPILER_GLOBAL_ACCENT_COLOR_NAME = AccentColor;
				CODE_SIGN_STYLE = Automatic;
				DEVELOPMENT_TEAM = AM6A64NDM6;
				INFOPLIST_FILE = Suara/Support/Info.plist;
				LD_RUNPATH_SEARCH_PATHS = (
					"$(inherited)",
					"@executable_path/Frameworks",
				);
				PRODUCT_BUNDLE_IDENTIFIER = id.co.Suara;
				PRODUCT_NAME = "$(TARGET_NAME)";
				SWIFT_VERSION = 5.0;
				TARGETED_DEVICE_FAMILY = 1;
			};
			name = Debug;
		};
		7C3725ED26A14AE500D20A30 /* Release */ = {
			isa = XCBuildConfiguration;
			baseConfigurationReference = F2A5F9ECF25A8B152779684E /* Pods-Suara.release.xcconfig */;
			buildSettings = {
				API_BASE_URL = "https://private-4639ce-ecommerce56.apiary-mock.com";
				ASSETCATALOG_COMPILER_APPICON_NAME = AppIcon;
				ASSETCATALOG_COMPILER_GLOBAL_ACCENT_COLOR_NAME = AccentColor;
				CODE_SIGN_STYLE = Automatic;
				DEVELOPMENT_TEAM = AM6A64NDM6;
				INFOPLIST_FILE = Suara/Support/Info.plist;
				LD_RUNPATH_SEARCH_PATHS = (
					"$(inherited)",
					"@executable_path/Frameworks",
				);
				PRODUCT_BUNDLE_IDENTIFIER = id.co.Suara;
				PRODUCT_NAME = "$(TARGET_NAME)";
				SWIFT_VERSION = 5.0;
				TARGETED_DEVICE_FAMILY = 1;
			};
			name = Release;
		};
/* End XCBuildConfiguration section */

/* Begin XCConfigurationList section */
		7C3725D226A14AE400D20A30 /* Build configuration list for PBXProject "Suara" */ = {
			isa = XCConfigurationList;
			buildConfigurations = (
				7C3725E926A14AE500D20A30 /* Debug */,
				7C3725EA26A14AE500D20A30 /* Release */,
			);
			defaultConfigurationIsVisible = 0;
			defaultConfigurationName = Release;
		};
		7C3725EB26A14AE500D20A30 /* Build configuration list for PBXNativeTarget "Suara" */ = {
			isa = XCConfigurationList;
			buildConfigurations = (
				7C3725EC26A14AE500D20A30 /* Debug */,
				7C3725ED26A14AE500D20A30 /* Release */,
			);
			defaultConfigurationIsVisible = 0;
			defaultConfigurationName = Release;
		};
/* End XCConfigurationList section */

/* Begin XCRemoteSwiftPackageReference section */
		7C62D4A226A41C87007449B2 /* XCRemoteSwiftPackageReference "SDWebImage" */ = {
			isa = XCRemoteSwiftPackageReference;
			repositoryURL = "https://github.com/SDWebImage/SDWebImage";
			requirement = {
				kind = upToNextMajorVersion;
				minimumVersion = 5.11.1;
			};
		};
		7C7FFE0926A2D8050009C29E /* XCRemoteSwiftPackageReference "Alamofire" */ = {
			isa = XCRemoteSwiftPackageReference;
			repositoryURL = "https://github.com/Alamofire/Alamofire";
			requirement = {
				kind = upToNextMajorVersion;
				minimumVersion = 5.4.3;
			};
		};
		7C9E102F26A32BB900CB55CF /* XCRemoteSwiftPackageReference "facebook-ios-sdk" */ = {
			isa = XCRemoteSwiftPackageReference;
			repositoryURL = "https://github.com/facebook/facebook-ios-sdk";
			requirement = {
				kind = upToNextMajorVersion;
				minimumVersion = 11.0.1;
			};
		};
/* End XCRemoteSwiftPackageReference section */

/* Begin XCSwiftPackageProductDependency section */
		7C62D4A326A41C87007449B2 /* SDWebImage */ = {
			isa = XCSwiftPackageProductDependency;
			package = 7C62D4A226A41C87007449B2 /* XCRemoteSwiftPackageReference "SDWebImage" */;
			productName = SDWebImage;
		};
		7C62D4A526A41C87007449B2 /* SDWebImageMapKit */ = {
			isa = XCSwiftPackageProductDependency;
			package = 7C62D4A226A41C87007449B2 /* XCRemoteSwiftPackageReference "SDWebImage" */;
			productName = SDWebImageMapKit;
		};
		7C7FFE0A26A2D8050009C29E /* Alamofire */ = {
			isa = XCSwiftPackageProductDependency;
			package = 7C7FFE0926A2D8050009C29E /* XCRemoteSwiftPackageReference "Alamofire" */;
			productName = Alamofire;
		};
		7C9E103026A32BB900CB55CF /* FacebookLogin */ = {
			isa = XCSwiftPackageProductDependency;
			package = 7C9E102F26A32BB900CB55CF /* XCRemoteSwiftPackageReference "facebook-ios-sdk" */;
			productName = FacebookLogin;
		};
/* End XCSwiftPackageProductDependency section */

/* Begin XCVersionGroup section */
		7CDE404F26A4E6E8008CD22F /* suara.xcdatamodeld */ = {
			isa = XCVersionGroup;
			children = (
				7CDE405026A4E6E8008CD22F /* suara.xcdatamodel */,
			);
			currentVersion = 7CDE405026A4E6E8008CD22F /* suara.xcdatamodel */;
			path = suara.xcdatamodeld;
			sourceTree = "<group>";
			versionGroupType = wrapper.xcdatamodel;
		};
/* End XCVersionGroup section */
	};
	rootObject = 7C3725CF26A14AE400D20A30 /* Project object */;
}
